
Microsoft Visual Studio Solution File, Format Version 12.00
# Visual Studio Version 17
VisualStudioVersion = 17.3.32929.385
MinimumVisualStudioVersion = 10.0.40219.1
Project("{9A19103F-16F7-4668-BE54-9A1E7A4F7556}") = "HiddenVilla_Server", "HiddenVilla_Server\HiddenVilla_Server.csproj", "{BA5AE622-37EE-44CE-A20D-CFDF1290A3B5}"
EndProject
Project("{9A19103F-16F7-4668-BE54-9A1E7A4F7556}") = "DataAccess", "DataAccess\DataAccess.csproj", "{17A99E76-F2F6-40F8-8989-16E0A7ED495B}"
EndProject
Project("{9A19103F-16F7-4668-BE54-9A1E7A4F7556}") = "Common", "Common\Common.csproj", "{2E740EE5-9FF1-4EBF-A313-92BFA0A9E96C}"
EndProject
Project("{9A19103F-16F7-4668-BE54-9A1E7A4F7556}") = "Models", "Models\Models.csproj", "{536D6136-2E00-4947-8E36-049E2D42CC1B}"
EndProject
Project("{9A19103F-16F7-4668-BE54-9A1E7A4F7556}") = "Business", "Business\Business.csproj", "{6C656570-C009-4BAD-A5DC-255883514237}"
EndProject
Global
	GlobalSection(SolutionConfigurationPlatforms) = preSolution
		Debug|Any CPU = Debug|Any CPU
		Release|Any CPU = Release|Any CPU
	EndGlobalSection
	GlobalSection(ProjectConfigurationPlatforms) = postSolution
		{BA5AE622-37EE-44CE-A20D-CFDF1290A3B5}.Debug|Any CPU.ActiveCfg = Debug|Any CPU
		{BA5AE622-37EE-44CE-A20D-CFDF1290A3B5}.Debug|Any CPU.Build.0 = Debug|Any CPU
		{BA5AE622-37EE-44CE-A20D-CFDF1290A3B5}.Release|Any CPU.ActiveCfg = Release|Any CPU
		{BA5AE622-37EE-44CE-A20D-CFDF1290A3B5}.Release|Any CPU.Build.0 = Release|Any CPU
		{17A99E76-F2F6-40F8-8989-16E0A7ED495B}.Debug|Any CPU.ActiveCfg = Debug|Any CPU
		{17A99E76-F2F6-40F8-8989-16E0A7ED495B}.Debug|Any CPU.Build.0 = Debug|Any CPU
		{17A99E76-F2F6-40F8-8989-16E0A7ED495B}.Release|Any CPU.ActiveCfg = Release|Any CPU
		{17A99E76-F2F6-40F8-8989-16E0A7ED495B}.Release|Any CPU.Build.0 = Release|Any CPU
		{2E740EE5-9FF1-4EBF-A313-92BFA0A9E96C}.Debug|Any CPU.ActiveCfg = Debug|Any CPU
		{2E740EE5-9FF1-4EBF-A313-92BFA0A9E96C}.Debug|Any CPU.Build.0 = Debug|Any CPU
		{2E740EE5-9FF1-4EBF-A313-92BFA0A9E96C}.Release|Any CPU.ActiveCfg = Release|Any CPU
		{2E740EE5-9FF1-4EBF-A313-92BFA0A9E96C}.Release|Any CPU.Build.0 = Release|Any CPU
		{536D6136-2E00-4947-8E36-049E2D42CC1B}.Debug|Any CPU.ActiveCfg = Debug|Any CPU
		{536D6136-2E00-4947-8E36-049E2D42CC1B}.Debug|Any CPU.Build.0 = Debug|Any CPU
		{536D6136-2E00-4947-8E36-049E2D42CC1B}.Release|Any CPU.ActiveCfg = Release|Any CPU
		{536D6136-2E00-4947-8E36-049E2D42CC1B}.Release|Any CPU.Build.0 = Release|Any CPU
		{6C656570-C009-4BAD-A5DC-255883514237}.Debug|Any CPU.ActiveCfg = Debug|Any CPU
		{6C656570-C009-4BAD-A5DC-255883514237}.Debug|Any CPU.Build.0 = Debug|Any CPU
		{6C656570-C009-4BAD-A5DC-255883514237}.Release|Any CPU.ActiveCfg = Release|Any CPU
		{6C656570-C009-4BAD-A5DC-255883514237}.Release|Any CPU.Build.0 = Release|Any CPU
	EndGlobalSection
	GlobalSection(SolutionProperties) = preSolution
		HideSolutionNode = FALSE
	EndGlobalSection
	GlobalSection(ExtensibilityGlobals) = postSolution
		SolutionGuid = {E2966741-E346-4389-A956-BFED14AA1C66}
	EndGlobalSection
EndGlobal
